
Microsoft Visual Studio Solution File, Format Version 11.00
# Visual Studio 2010
Project("{8BC9CEB8-8B4A-11D0-8D11-00A0C91BC942}") = "412FizzBuzz", "412FizzBuzz\412FizzBuzz.vcxproj", "{DB7869B5-422B-4BCA-8321-26240913FFCA}"
EndProject
Global
	GlobalSection(SolutionConfigurationPlatforms) = preSolution
		Debug|Win32 = Debug|Win32
		Release|Win32 = Release|Win32
	EndGlobalSection
	GlobalSection(ProjectConfigurationPlatforms) = postSolution
		{DB7869B5-422B-4BCA-8321-26240913FFCA}.Debug|Win32.ActiveCfg = Debug|Win32
		{DB7869B5-422B-4BCA-8321-26240913FFCA}.Debug|Win32.Build.0 = Debug|Win32
		{DB7869B5-422B-4BCA-8321-26240913FFCA}.Release|Win32.ActiveCfg = Release|Win32
		{DB7869B5-422B-4BCA-8321-26240913FFCA}.Release|Win32.Build.0 = Release|Win32
	EndGlobalSection
	GlobalSection(SolutionProperties) = preSolution
		HideSolutionNode = FALSE
	EndGlobalSection
EndGlobal
