
Microsoft Visual Studio Solution File, Format Version 11.00
# Visual Studio 2010
Project("{8BC9CEB8-8B4A-11D0-8D11-00A0C91BC942}") = "463IslandPerimeter", "463IslandPerimeter\463IslandPerimeter.vcxproj", "{3AB545C3-E2DE-4394-8543-00652578652D}"
EndProject
Global
	GlobalSection(SolutionConfigurationPlatforms) = preSolution
		Debug|Win32 = Debug|Win32
		Release|Win32 = Release|Win32
	EndGlobalSection
	GlobalSection(ProjectConfigurationPlatforms) = postSolution
		{3AB545C3-E2DE-4394-8543-00652578652D}.Debug|Win32.ActiveCfg = Debug|Win32
		{3AB545C3-E2DE-4394-8543-00652578652D}.Debug|Win32.Build.0 = Debug|Win32
		{3AB545C3-E2DE-4394-8543-00652578652D}.Release|Win32.ActiveCfg = Release|Win32
		{3AB545C3-E2DE-4394-8543-00652578652D}.Release|Win32.Build.0 = Release|Win32
	EndGlobalSection
	GlobalSection(SolutionProperties) = preSolution
		HideSolutionNode = FALSE
	EndGlobalSection
EndGlobal
